
Microsoft Visual Studio Solution File, Format Version 12.00
# Visual Studio Version 17
VisualStudioVersion = 17.13.35806.99 d17.13
MinimumVisualStudioVersion = 10.0.40219.1
Project("{FAE04EC0-301F-11D3-BF4B-00C04F79EFBC}") = "WeekDay", "WeekDay\WeekDay.csproj", "{0D196F60-7948-460A-805F-C293364B3E63}"
EndProject
Global
	GlobalSection(SolutionConfigurationPlatforms) = preSolution
		Debug|Any CPU = Debug|Any CPU
		Release|Any CPU = Release|Any CPU
	EndGlobalSection
	GlobalSection(ProjectConfigurationPlatforms) = postSolution
		{0D196F60-7948-460A-805F-C293364B3E63}.Debug|Any CPU.ActiveCfg = Debug|Any CPU
		{0D196F60-7948-460A-805F-C293364B3E63}.Debug|Any CPU.Build.0 = Debug|Any CPU
		{0D196F60-7948-460A-805F-C293364B3E63}.Release|Any CPU.ActiveCfg = Release|Any CPU
		{0D196F60-7948-460A-805F-C293364B3E63}.Release|Any CPU.Build.0 = Release|Any CPU
	EndGlobalSection
	GlobalSection(SolutionProperties) = preSolution
		HideSolutionNode = FALSE
	EndGlobalSection
	GlobalSection(ExtensibilityGlobals) = postSolution
		SolutionGuid = {850B0EFC-0AC9-4DCA-B411-37C9A7893896}
	EndGlobalSection
EndGlobal
