
Microsoft Visual Studio Solution File, Format Version 12.00
# Visual Studio Version 17
VisualStudioVersion = 17.13.35806.99 d17.13
MinimumVisualStudioVersion = 10.0.40219.1
Project("{FAE04EC0-301F-11D3-BF4B-00C04F79EFBC}") = "RecursionActivities", "RecursionActivities\RecursionActivities.csproj", "{094CE663-ECAF-4ECC-92BC-F5AE59BB29A9}"
EndProject
Global
	GlobalSection(SolutionConfigurationPlatforms) = preSolution
		Debug|Any CPU = Debug|Any CPU
		Release|Any CPU = Release|Any CPU
	EndGlobalSection
	GlobalSection(ProjectConfigurationPlatforms) = postSolution
		{094CE663-ECAF-4ECC-92BC-F5AE59BB29A9}.Debug|Any CPU.ActiveCfg = Debug|Any CPU
		{094CE663-ECAF-4ECC-92BC-F5AE59BB29A9}.Debug|Any CPU.Build.0 = Debug|Any CPU
		{094CE663-ECAF-4ECC-92BC-F5AE59BB29A9}.Release|Any CPU.ActiveCfg = Release|Any CPU
		{094CE663-ECAF-4ECC-92BC-F5AE59BB29A9}.Release|Any CPU.Build.0 = Release|Any CPU
	EndGlobalSection
	GlobalSection(SolutionProperties) = preSolution
		HideSolutionNode = FALSE
	EndGlobalSection
	GlobalSection(ExtensibilityGlobals) = postSolution
		SolutionGuid = {372BCEF7-89AA-47C2-898D-82FF6A2997EC}
	EndGlobalSection
EndGlobal
