
Microsoft Visual Studio Solution File, Format Version 12.00
# Visual Studio Version 17
VisualStudioVersion = 17.13.35818.85 d17.13
MinimumVisualStudioVersion = 10.0.40219.1
Project("{FAE04EC0-301F-11D3-BF4B-00C04F79EFBC}") = "Veterinary", "Veterinary\Veterinary.csproj", "{1030D6E4-5CBA-4410-B2E5-B4ED0872A57E}"
EndProject
Project("{FAE04EC0-301F-11D3-BF4B-00C04F79EFBC}") = "PooModel", "PooModel\PooModel.csproj", "{A62021FB-1882-4D86-9AA4-D841A58C3696}"
EndProject
Project("{FAE04EC0-301F-11D3-BF4B-00C04F79EFBC}") = "Repository", "Repository\Repository.csproj", "{77993FE7-7722-4E40-B3E5-81009723EDFC}"
EndProject
Global
	GlobalSection(SolutionConfigurationPlatforms) = preSolution
		Debug|Any CPU = Debug|Any CPU
		Release|Any CPU = Release|Any CPU
	EndGlobalSection
	GlobalSection(ProjectConfigurationPlatforms) = postSolution
		{1030D6E4-5CBA-4410-B2E5-B4ED0872A57E}.Debug|Any CPU.ActiveCfg = Debug|Any CPU
		{1030D6E4-5CBA-4410-B2E5-B4ED0872A57E}.Debug|Any CPU.Build.0 = Debug|Any CPU
		{1030D6E4-5CBA-4410-B2E5-B4ED0872A57E}.Release|Any CPU.ActiveCfg = Release|Any CPU
		{1030D6E4-5CBA-4410-B2E5-B4ED0872A57E}.Release|Any CPU.Build.0 = Release|Any CPU
		{A62021FB-1882-4D86-9AA4-D841A58C3696}.Debug|Any CPU.ActiveCfg = Debug|Any CPU
		{A62021FB-1882-4D86-9AA4-D841A58C3696}.Debug|Any CPU.Build.0 = Debug|Any CPU
		{A62021FB-1882-4D86-9AA4-D841A58C3696}.Release|Any CPU.ActiveCfg = Release|Any CPU
		{A62021FB-1882-4D86-9AA4-D841A58C3696}.Release|Any CPU.Build.0 = Release|Any CPU
		{77993FE7-7722-4E40-B3E5-81009723EDFC}.Debug|Any CPU.ActiveCfg = Debug|Any CPU
		{77993FE7-7722-4E40-B3E5-81009723EDFC}.Debug|Any CPU.Build.0 = Debug|Any CPU
		{77993FE7-7722-4E40-B3E5-81009723EDFC}.Release|Any CPU.ActiveCfg = Release|Any CPU
		{77993FE7-7722-4E40-B3E5-81009723EDFC}.Release|Any CPU.Build.0 = Release|Any CPU
	EndGlobalSection
	GlobalSection(SolutionProperties) = preSolution
		HideSolutionNode = FALSE
	EndGlobalSection
	GlobalSection(ExtensibilityGlobals) = postSolution
		SolutionGuid = {75210B2E-3C1E-40C0-BBA9-AC7C0C6F4C6C}
	EndGlobalSection
EndGlobal
