
Microsoft Visual Studio Solution File, Format Version 12.00
# Visual Studio Version 17
VisualStudioVersion = 17.13.35806.99 d17.13
MinimumVisualStudioVersion = 10.0.40219.1
Project("{FAE04EC0-301F-11D3-BF4B-00C04F79EFBC}") = "CheckBook", "CheckBook\CheckBook.csproj", "{28A2275D-290C-4C87-BC98-4219024BF147}"
EndProject
Global
	GlobalSection(SolutionConfigurationPlatforms) = preSolution
		Debug|Any CPU = Debug|Any CPU
		Release|Any CPU = Release|Any CPU
	EndGlobalSection
	GlobalSection(ProjectConfigurationPlatforms) = postSolution
		{28A2275D-290C-4C87-BC98-4219024BF147}.Debug|Any CPU.ActiveCfg = Debug|Any CPU
		{28A2275D-290C-4C87-BC98-4219024BF147}.Debug|Any CPU.Build.0 = Debug|Any CPU
		{28A2275D-290C-4C87-BC98-4219024BF147}.Release|Any CPU.ActiveCfg = Release|Any CPU
		{28A2275D-290C-4C87-BC98-4219024BF147}.Release|Any CPU.Build.0 = Release|Any CPU
	EndGlobalSection
	GlobalSection(SolutionProperties) = preSolution
		HideSolutionNode = FALSE
	EndGlobalSection
	GlobalSection(ExtensibilityGlobals) = postSolution
		SolutionGuid = {FC304E2B-2548-44BE-B44C-1D1211CAE622}
	EndGlobalSection
EndGlobal
